
Microsoft Visual Studio Solution File, Format Version 12.00
# Visual Studio Version 16
VisualStudioVersion = 16.0.30413.136
MinimumVisualStudioVersion = 10.0.40219.1
Project("{2150E333-8FDC-42A3-9474-1A3956D46DE8}") = "src", "src", "{B7A5995D-1DD0-4742-AB5E-880CE16D8071}"
EndProject
Project("{2150E333-8FDC-42A3-9474-1A3956D46DE8}") = "Catalog", "Catalog", "{A5993AAB-4A28-45EF-B5CC-8EC07CF3B47F}"
EndProject
Project("{9A19103F-16F7-4668-BE54-9A1E7A4F7556}") = "Msk.Catalog.Api", "src\Catalog\Msk.Catalog.Api\Msk.Catalog.Api.csproj", "{F0B5B27E-6182-4DE9-83EC-ED0FB901042B}"
EndProject
Project("{E53339B2-1760-4266-BCC7-CA923CBCF16C}") = "docker-compose", "docker-compose.dcproj", "{BA8F24F2-87BE-4725-8913-F00E120A756F}"
EndProject
Project("{2150E333-8FDC-42A3-9474-1A3956D46DE8}") = "Basket", "Basket", "{7C349F92-7EBE-40DF-BEAC-1C26BCDA7CE5}"
EndProject
Project("{9A19103F-16F7-4668-BE54-9A1E7A4F7556}") = "Msk.Basket.Api", "src\Basket\Msk.Basket.Api\Msk.Basket.Api.csproj", "{EEEF6FF2-3B15-4058-A2BA-341DC64FF64C}"
EndProject
Project("{2150E333-8FDC-42A3-9474-1A3956D46DE8}") = "Common", "Common", "{D8F68B55-010A-4190-A3EF-469913F8299B}"
EndProject
Project("{9A19103F-16F7-4668-BE54-9A1E7A4F7556}") = "Msk.EventBusRabbitMQ", "src\Common\Msk.EventBusRabbitMQ\Msk.EventBusRabbitMQ.csproj", "{D251C95C-9CDD-4F7F-BADA-ED0008D8A12A}"
EndProject
Project("{2150E333-8FDC-42A3-9474-1A3956D46DE8}") = "Ordering", "Ordering", "{9D3D4106-2B93-445E-9A76-10FBC3309194}"
EndProject
Project("{9A19103F-16F7-4668-BE54-9A1E7A4F7556}") = "Msk.Ordering.Api", "src\Ordering\Msk.Ordering.Api\Msk.Ordering.Api.csproj", "{3EC67919-E102-4102-9ABD-7CE32408A567}"
EndProject
Project("{9A19103F-16F7-4668-BE54-9A1E7A4F7556}") = "Msk.Ordering.Core", "src\Ordering\Msk.Ordering.Core\Msk.Ordering.Core.csproj", "{8A85EDCE-E319-4098-80A4-E6DCF643A79A}"
EndProject
Project("{9A19103F-16F7-4668-BE54-9A1E7A4F7556}") = "Msk.Ordering.Infrastructure", "src\Ordering\Msk.Ordering.Infrastructure\Msk.Ordering.Infrastructure.csproj", "{598AF906-4921-4C7D-B08C-41A1C620AA8F}"
EndProject
Project("{9A19103F-16F7-4668-BE54-9A1E7A4F7556}") = "Msk.Ordering.Application", "src\Ordering\Msk.Ordering.Application\Msk.Ordering.Application.csproj", "{0FD90305-3A5D-4E21-9937-8A4283E88452}"
EndProject
Project("{2150E333-8FDC-42A3-9474-1A3956D46DE8}") = "ApiGateway", "ApiGateway", "{96FD8FD3-F8DC-4898-9DC3-30E7F7515F72}"
EndProject
Project("{FAE04EC0-301F-11D3-BF4B-00C04F79EFBC}") = "Msk.ApiGateway", "src\ApiGateway\Msk.ApiGateway\Msk.ApiGateway.csproj", "{794212A9-6CE1-4319-848C-2E3EB91F989D}"
EndProject
Global
	GlobalSection(SolutionConfigurationPlatforms) = preSolution
		Debug|Any CPU = Debug|Any CPU
		Release|Any CPU = Release|Any CPU
	EndGlobalSection
	GlobalSection(ProjectConfigurationPlatforms) = postSolution
		{F0B5B27E-6182-4DE9-83EC-ED0FB901042B}.Debug|Any CPU.ActiveCfg = Debug|Any CPU
		{F0B5B27E-6182-4DE9-83EC-ED0FB901042B}.Debug|Any CPU.Build.0 = Debug|Any CPU
		{F0B5B27E-6182-4DE9-83EC-ED0FB901042B}.Release|Any CPU.ActiveCfg = Release|Any CPU
		{F0B5B27E-6182-4DE9-83EC-ED0FB901042B}.Release|Any CPU.Build.0 = Release|Any CPU
		{BA8F24F2-87BE-4725-8913-F00E120A756F}.Debug|Any CPU.ActiveCfg = Debug|Any CPU
		{BA8F24F2-87BE-4725-8913-F00E120A756F}.Debug|Any CPU.Build.0 = Debug|Any CPU
		{BA8F24F2-87BE-4725-8913-F00E120A756F}.Release|Any CPU.ActiveCfg = Release|Any CPU
		{BA8F24F2-87BE-4725-8913-F00E120A756F}.Release|Any CPU.Build.0 = Release|Any CPU
		{EEEF6FF2-3B15-4058-A2BA-341DC64FF64C}.Debug|Any CPU.ActiveCfg = Debug|Any CPU
		{EEEF6FF2-3B15-4058-A2BA-341DC64FF64C}.Debug|Any CPU.Build.0 = Debug|Any CPU
		{EEEF6FF2-3B15-4058-A2BA-341DC64FF64C}.Release|Any CPU.ActiveCfg = Release|Any CPU
		{EEEF6FF2-3B15-4058-A2BA-341DC64FF64C}.Release|Any CPU.Build.0 = Release|Any CPU
		{D251C95C-9CDD-4F7F-BADA-ED0008D8A12A}.Debug|Any CPU.ActiveCfg = Debug|Any CPU
		{D251C95C-9CDD-4F7F-BADA-ED0008D8A12A}.Debug|Any CPU.Build.0 = Debug|Any CPU
		{D251C95C-9CDD-4F7F-BADA-ED0008D8A12A}.Release|Any CPU.ActiveCfg = Release|Any CPU
		{D251C95C-9CDD-4F7F-BADA-ED0008D8A12A}.Release|Any CPU.Build.0 = Release|Any CPU
		{3EC67919-E102-4102-9ABD-7CE32408A567}.Debug|Any CPU.ActiveCfg = Debug|Any CPU
		{3EC67919-E102-4102-9ABD-7CE32408A567}.Debug|Any CPU.Build.0 = Debug|Any CPU
		{3EC67919-E102-4102-9ABD-7CE32408A567}.Release|Any CPU.ActiveCfg = Release|Any CPU
		{3EC67919-E102-4102-9ABD-7CE32408A567}.Release|Any CPU.Build.0 = Release|Any CPU
		{8A85EDCE-E319-4098-80A4-E6DCF643A79A}.Debug|Any CPU.ActiveCfg = Debug|Any CPU
		{8A85EDCE-E319-4098-80A4-E6DCF643A79A}.Debug|Any CPU.Build.0 = Debug|Any CPU
		{8A85EDCE-E319-4098-80A4-E6DCF643A79A}.Release|Any CPU.ActiveCfg = Release|Any CPU
		{8A85EDCE-E319-4098-80A4-E6DCF643A79A}.Release|Any CPU.Build.0 = Release|Any CPU
		{598AF906-4921-4C7D-B08C-41A1C620AA8F}.Debug|Any CPU.ActiveCfg = Debug|Any CPU
		{598AF906-4921-4C7D-B08C-41A1C620AA8F}.Debug|Any CPU.Build.0 = Debug|Any CPU
		{598AF906-4921-4C7D-B08C-41A1C620AA8F}.Release|Any CPU.ActiveCfg = Release|Any CPU
		{598AF906-4921-4C7D-B08C-41A1C620AA8F}.Release|Any CPU.Build.0 = Release|Any CPU
		{0FD90305-3A5D-4E21-9937-8A4283E88452}.Debug|Any CPU.ActiveCfg = Debug|Any CPU
		{0FD90305-3A5D-4E21-9937-8A4283E88452}.Debug|Any CPU.Build.0 = Debug|Any CPU
		{0FD90305-3A5D-4E21-9937-8A4283E88452}.Release|Any CPU.ActiveCfg = Release|Any CPU
		{0FD90305-3A5D-4E21-9937-8A4283E88452}.Release|Any CPU.Build.0 = Release|Any CPU
		{794212A9-6CE1-4319-848C-2E3EB91F989D}.Debug|Any CPU.ActiveCfg = Debug|Any CPU
		{794212A9-6CE1-4319-848C-2E3EB91F989D}.Debug|Any CPU.Build.0 = Debug|Any CPU
		{794212A9-6CE1-4319-848C-2E3EB91F989D}.Release|Any CPU.ActiveCfg = Release|Any CPU
		{794212A9-6CE1-4319-848C-2E3EB91F989D}.Release|Any CPU.Build.0 = Release|Any CPU
	EndGlobalSection
	GlobalSection(SolutionProperties) = preSolution
		HideSolutionNode = FALSE
	EndGlobalSection
	GlobalSection(NestedProjects) = preSolution
		{A5993AAB-4A28-45EF-B5CC-8EC07CF3B47F} = {B7A5995D-1DD0-4742-AB5E-880CE16D8071}
		{F0B5B27E-6182-4DE9-83EC-ED0FB901042B} = {A5993AAB-4A28-45EF-B5CC-8EC07CF3B47F}
		{7C349F92-7EBE-40DF-BEAC-1C26BCDA7CE5} = {B7A5995D-1DD0-4742-AB5E-880CE16D8071}
		{EEEF6FF2-3B15-4058-A2BA-341DC64FF64C} = {7C349F92-7EBE-40DF-BEAC-1C26BCDA7CE5}
		{D8F68B55-010A-4190-A3EF-469913F8299B} = {B7A5995D-1DD0-4742-AB5E-880CE16D8071}
		{D251C95C-9CDD-4F7F-BADA-ED0008D8A12A} = {D8F68B55-010A-4190-A3EF-469913F8299B}
		{9D3D4106-2B93-445E-9A76-10FBC3309194} = {B7A5995D-1DD0-4742-AB5E-880CE16D8071}
		{3EC67919-E102-4102-9ABD-7CE32408A567} = {9D3D4106-2B93-445E-9A76-10FBC3309194}
		{8A85EDCE-E319-4098-80A4-E6DCF643A79A} = {9D3D4106-2B93-445E-9A76-10FBC3309194}
		{598AF906-4921-4C7D-B08C-41A1C620AA8F} = {9D3D4106-2B93-445E-9A76-10FBC3309194}
		{0FD90305-3A5D-4E21-9937-8A4283E88452} = {9D3D4106-2B93-445E-9A76-10FBC3309194}
		{96FD8FD3-F8DC-4898-9DC3-30E7F7515F72} = {B7A5995D-1DD0-4742-AB5E-880CE16D8071}
		{794212A9-6CE1-4319-848C-2E3EB91F989D} = {96FD8FD3-F8DC-4898-9DC3-30E7F7515F72}
	EndGlobalSection
	GlobalSection(ExtensibilityGlobals) = postSolution
		SolutionGuid = {0FD7E28F-D0F8-4966-835E-2DD2500831E6}
	EndGlobalSection
EndGlobal
